
Microsoft Visual Studio Solution File, Format Version 12.00
# Visual Studio Version 17
VisualStudioVersion = 17.3.32922.545
MinimumVisualStudioVersion = 10.0.40219.1
Project("{FAE04EC0-301F-11D3-BF4B-00C04F79EFBC}") = "ShipGame", "ShipGame\ShipGame.csproj", "{BB50C6A6-A578-423C-9117-A6DE08938A72}"
EndProject
Project("{FAE04EC0-301F-11D3-BF4B-00C04F79EFBC}") = "Tests", "Tests\Tests.csproj", "{B090D114-A4AA-4DF5-8A47-6F5B67F2DF11}"
EndProject
Global
	GlobalSection(SolutionConfigurationPlatforms) = preSolution
		Debug|Any CPU = Debug|Any CPU
		Release|Any CPU = Release|Any CPU
	EndGlobalSection
	GlobalSection(ProjectConfigurationPlatforms) = postSolution
		{BB50C6A6-A578-423C-9117-A6DE08938A72}.Debug|Any CPU.ActiveCfg = Debug|Any CPU
		{BB50C6A6-A578-423C-9117-A6DE08938A72}.Debug|Any CPU.Build.0 = Debug|Any CPU
		{BB50C6A6-A578-423C-9117-A6DE08938A72}.Release|Any CPU.ActiveCfg = Release|Any CPU
		{BB50C6A6-A578-423C-9117-A6DE08938A72}.Release|Any CPU.Build.0 = Release|Any CPU
		{B090D114-A4AA-4DF5-8A47-6F5B67F2DF11}.Debug|Any CPU.ActiveCfg = Debug|Any CPU
		{B090D114-A4AA-4DF5-8A47-6F5B67F2DF11}.Debug|Any CPU.Build.0 = Debug|Any CPU
		{B090D114-A4AA-4DF5-8A47-6F5B67F2DF11}.Release|Any CPU.ActiveCfg = Release|Any CPU
		{B090D114-A4AA-4DF5-8A47-6F5B67F2DF11}.Release|Any CPU.Build.0 = Release|Any CPU
	EndGlobalSection
	GlobalSection(SolutionProperties) = preSolution
		HideSolutionNode = FALSE
	EndGlobalSection
	GlobalSection(ExtensibilityGlobals) = postSolution
		SolutionGuid = {B70A326B-7696-43BD-A6B8-8522D4D95284}
	EndGlobalSection
EndGlobal
